// !$*UTF8*$!
{
	archiveVersion = 1;
	classes = {
	};
	objectVersion = 56;
	objects = {

/* Begin PBXBuildFile section */
		6391C6B12C691BF90085C00C /* ActualWorkingOutVC.swift in Sources */ = {isa = PBXBuildFile; fileRef = 6391C6B02C691BF90085C00C /* ActualWorkingOutVC.swift */; };
		6391C6B42C6A512E0085C00C /* ExtensionDouble.swift in Sources */ = {isa = PBXBuildFile; fileRef = 6391C6B32C6A512E0085C00C /* ExtensionDouble.swift */; };
		6391C6B62C6BA5BC0085C00C /* DataManager.swift in Sources */ = {isa = PBXBuildFile; fileRef = 6391C6B52C6BA5BC0085C00C /* DataManager.swift */; };
		63A372142C67C31600BBF223 /* AppDelegate.swift in Sources */ = {isa = PBXBuildFile; fileRef = 63A372132C67C31600BBF223 /* AppDelegate.swift */; };
		63A372162C67C31600BBF223 /* SceneDelegate.swift in Sources */ = {isa = PBXBuildFile; fileRef = 63A372152C67C31600BBF223 /* SceneDelegate.swift */; };
		63A3721B2C67C31600BBF223 /* Base in Resources */ = {isa = PBXBuildFile; fileRef = 63A3721A2C67C31600BBF223 /* Base */; };
		63A3721E2C67C31600BBF223 /* Trackincrease.xcdatamodeld in Sources */ = {isa = PBXBuildFile; fileRef = 63A3721C2C67C31600BBF223 /* Trackincrease.xcdatamodeld */; };
		63A372202C67C31800BBF223 /* Assets.xcassets in Resources */ = {isa = PBXBuildFile; fileRef = 63A3721F2C67C31800BBF223 /* Assets.xcassets */; };
		63A372232C67C31800BBF223 /* Base in Resources */ = {isa = PBXBuildFile; fileRef = 63A372222C67C31800BBF223 /* Base */; };
		63A3722B2C67C3EB00BBF223 /* SelectionVC.swift in Sources */ = {isa = PBXBuildFile; fileRef = 63A3722A2C67C3EB00BBF223 /* SelectionVC.swift */; };
		63A372312C67CBB700BBF223 /* ExercisesTableVC.swift in Sources */ = {isa = PBXBuildFile; fileRef = 63A372302C67CBB700BBF223 /* ExercisesTableVC.swift */; };
		63A372332C6803FC00BBF223 /* Data.swift in Sources */ = {isa = PBXBuildFile; fileRef = 63A372322C6803FC00BBF223 /* Data.swift */; };
		63A372352C680F1D00BBF223 /* NotesTableVC.swift in Sources */ = {isa = PBXBuildFile; fileRef = 63A372342C680F1D00BBF223 /* NotesTableVC.swift */; };
		63A372372C682B5A00BBF223 /* WorkOutDetailVC.swift in Sources */ = {isa = PBXBuildFile; fileRef = 63A372362C682B5A00BBF223 /* WorkOutDetailVC.swift */; };
/* End PBXBuildFile section */

/* Begin PBXFileReference section */
		6391C6B02C691BF90085C00C /* ActualWorkingOutVC.swift */ = {isa = PBXFileReference; lastKnownFileType = sourcecode.swift; path = ActualWorkingOutVC.swift; sourceTree = "<group>"; };
		6391C6B32C6A512E0085C00C /* ExtensionDouble.swift */ = {isa = PBXFileReference; lastKnownFileType = sourcecode.swift; path = ExtensionDouble.swift; sourceTree = "<group>"; };
		6391C6B52C6BA5BC0085C00C /* DataManager.swift */ = {isa = PBXFileReference; lastKnownFileType = sourcecode.swift; path = DataManager.swift; sourceTree = "<group>"; };
		63A372102C67C31600BBF223 /* Trackincrease.app */ = {isa = PBXFileReference; explicitFileType = wrapper.application; includeInIndex = 0; path = Trackincrease.app; sourceTree = BUILT_PRODUCTS_DIR; };
		63A372132C67C31600BBF223 /* AppDelegate.swift */ = {isa = PBXFileReference; lastKnownFileType = sourcecode.swift; path = AppDelegate.swift; sourceTree = "<group>"; };
		63A372152C67C31600BBF223 /* SceneDelegate.swift */ = {isa = PBXFileReference; lastKnownFileType = sourcecode.swift; path = SceneDelegate.swift; sourceTree = "<group>"; };
		63A3721A2C67C31600BBF223 /* Base */ = {isa = PBXFileReference; lastKnownFileType = file.storyboard; name = Base; path = Base.lproj/Main.storyboard; sourceTree = "<group>"; };
		63A3721D2C67C31600BBF223 /* Trackincrease.xcdatamodel */ = {isa = PBXFileReference; lastKnownFileType = wrapper.xcdatamodel; path = Trackincrease.xcdatamodel; sourceTree = "<group>"; };
		63A3721F2C67C31800BBF223 /* Assets.xcassets */ = {isa = PBXFileReference; lastKnownFileType = folder.assetcatalog; path = Assets.xcassets; sourceTree = "<group>"; };
		63A372222C67C31800BBF223 /* Base */ = {isa = PBXFileReference; lastKnownFileType = file.storyboard; name = Base; path = Base.lproj/LaunchScreen.storyboard; sourceTree = "<group>"; };
		63A372242C67C31800BBF223 /* Info.plist */ = {isa = PBXFileReference; lastKnownFileType = text.plist.xml; path = Info.plist; sourceTree = "<group>"; };
		63A3722A2C67C3EB00BBF223 /* SelectionVC.swift */ = {isa = PBXFileReference; lastKnownFileType = sourcecode.swift; path = SelectionVC.swift; sourceTree = "<group>"; };
		63A372302C67CBB700BBF223 /* ExercisesTableVC.swift */ = {isa = PBXFileReference; lastKnownFileType = sourcecode.swift; path = ExercisesTableVC.swift; sourceTree = "<group>"; };
		63A372322C6803FC00BBF223 /* Data.swift */ = {isa = PBXFileReference; lastKnownFileType = sourcecode.swift; path = Data.swift; sourceTree = "<group>"; };
		63A372342C680F1D00BBF223 /* NotesTableVC.swift */ = {isa = PBXFileReference; lastKnownFileType = sourcecode.swift; path = NotesTableVC.swift; sourceTree = "<group>"; };
		63A372362C682B5A00BBF223 /* WorkOutDetailVC.swift */ = {isa = PBXFileReference; lastKnownFileType = sourcecode.swift; path = WorkOutDetailVC.swift; sourceTree = "<group>"; };
/* End PBXFileReference section */

/* Begin PBXFrameworksBuildPhase section */
		63A3720D2C67C31600BBF223 /* Frameworks */ = {
			isa = PBXFrameworksBuildPhase;
			buildActionMask = 2147483647;
			files = (
			);
			runOnlyForDeploymentPostprocessing = 0;
		};
/* End PBXFrameworksBuildPhase section */

/* Begin PBXGroup section */
		6391C6B22C6A4E2E0085C00C /* ViewControllers */ = {
			isa = PBXGroup;
			children = (
				63A3722A2C67C3EB00BBF223 /* SelectionVC.swift */,
				63A372342C680F1D00BBF223 /* NotesTableVC.swift */,
				63A372362C682B5A00BBF223 /* WorkOutDetailVC.swift */,
				63A372302C67CBB700BBF223 /* ExercisesTableVC.swift */,
				6391C6B02C691BF90085C00C /* ActualWorkingOutVC.swift */,
			);
			path = ViewControllers;
			sourceTree = "<group>";
		};
		63A372072C67C31600BBF223 = {
			isa = PBXGroup;
			children = (
				63A372122C67C31600BBF223 /* Trackincrease */,
				63A372112C67C31600BBF223 /* Products */,
			);
			sourceTree = "<group>";
		};
		63A372112C67C31600BBF223 /* Products */ = {
			isa = PBXGroup;
			children = (
				63A372102C67C31600BBF223 /* Trackincrease.app */,
			);
			name = Products;
			sourceTree = "<group>";
		};
		63A372122C67C31600BBF223 /* Trackincrease */ = {
			isa = PBXGroup;
			children = (
				63A372132C67C31600BBF223 /* AppDelegate.swift */,
				63A372152C67C31600BBF223 /* SceneDelegate.swift */,
				6391C6B22C6A4E2E0085C00C /* ViewControllers */,
				63A372192C67C31600BBF223 /* Main.storyboard */,
				63A3721F2C67C31800BBF223 /* Assets.xcassets */,
				63A372212C67C31800BBF223 /* LaunchScreen.storyboard */,
				63A372242C67C31800BBF223 /* Info.plist */,
				63A3721C2C67C31600BBF223 /* Trackincrease.xcdatamodeld */,
				63A372322C6803FC00BBF223 /* Data.swift */,
				6391C6B32C6A512E0085C00C /* ExtensionDouble.swift */,
				6391C6B52C6BA5BC0085C00C /* DataManager.swift */,
			);
			path = Trackincrease;
			sourceTree = "<group>";
		};
/* End PBXGroup section */

/* Begin PBXNativeTarget section */
		63A3720F2C67C31600BBF223 /* Trackincrease */ = {
			isa = PBXNativeTarget;
			buildConfigurationList = 63A372272C67C31800BBF223 /* Build configuration list for PBXNativeTarget "Trackincrease" */;
			buildPhases = (
				63A3720C2C67C31600BBF223 /* Sources */,
				63A3720D2C67C31600BBF223 /* Frameworks */,
				63A3720E2C67C31600BBF223 /* Resources */,
			);
			buildRules = (
			);
			dependencies = (
			);
			name = Trackincrease;
			productName = Trackincrease;
			productReference = 63A372102C67C31600BBF223 /* Trackincrease.app */;
			productType = "com.apple.product-type.application";
		};
/* End PBXNativeTarget section */

/* Begin PBXProject section */
		63A372082C67C31600BBF223 /* Project object */ = {
			isa = PBXProject;
			attributes = {
				BuildIndependentTargetsInParallel = 1;
				LastSwiftUpdateCheck = 1540;
				LastUpgradeCheck = 1540;
				TargetAttributes = {
					63A3720F2C67C31600BBF223 = {
						CreatedOnToolsVersion = 15.4;
					};
				};
			};
			buildConfigurationList = 63A3720B2C67C31600BBF223 /* Build configuration list for PBXProject "Trackincrease" */;
			compatibilityVersion = "Xcode 14.0";
			developmentRegion = en;
			hasScannedForEncodings = 0;
			knownRegions = (
				en,
				Base,
			);
			mainGroup = 63A372072C67C31600BBF223;
			productRefGroup = 63A372112C67C31600BBF223 /* Products */;
			projectDirPath = "";
			projectRoot = "";
			targets = (
				63A3720F2C67C31600BBF223 /* Trackincrease */,
			);
		};
/* End PBXProject section */

/* Begin PBXResourcesBuildPhase section */
		63A3720E2C67C31600BBF223 /* Resources */ = {
			isa = PBXResourcesBuildPhase;
			buildActionMask = 2147483647;
			files = (
				63A372202C67C31800BBF223 /* Assets.xcassets in Resources */,
				63A372232C67C31800BBF223 /* Base in Resources */,
				63A3721B2C67C31600BBF223 /* Base in Resources */,
			);
			runOnlyForDeploymentPostprocessing = 0;
		};
/* End PBXResourcesBuildPhase section */

/* Begin PBXSourcesBuildPhase section */
		63A3720C2C67C31600BBF223 /* Sources */ = {
			isa = PBXSourcesBuildPhase;
			buildActionMask = 2147483647;
			files = (
				63A372312C67CBB700BBF223 /* ExercisesTableVC.swift in Sources */,
				63A372332C6803FC00BBF223 /* Data.swift in Sources */,
				6391C6B42C6A512E0085C00C /* ExtensionDouble.swift in Sources */,
				63A3721E2C67C31600BBF223 /* Trackincrease.xcdatamodeld in Sources */,
				63A372142C67C31600BBF223 /* AppDelegate.swift in Sources */,
				63A372162C67C31600BBF223 /* SceneDelegate.swift in Sources */,
				6391C6B12C691BF90085C00C /* ActualWorkingOutVC.swift in Sources */,
				63A3722B2C67C3EB00BBF223 /* SelectionVC.swift in Sources */,
				6391C6B62C6BA5BC0085C00C /* DataManager.swift in Sources */,
				63A372352C680F1D00BBF223 /* NotesTableVC.swift in Sources */,
				63A372372C682B5A00BBF223 /* WorkOutDetailVC.swift in Sources */,
			);
			runOnlyForDeploymentPostprocessing = 0;
		};
/* End PBXSourcesBuildPhase section */

/* Begin PBXVariantGroup section */
		63A372192C67C31600BBF223 /* Main.storyboard */ = {
			isa = PBXVariantGroup;
			children = (
				63A3721A2C67C31600BBF223 /* Base */,
			);
			name = Main.storyboard;
			sourceTree = "<group>";
		};
		63A372212C67C31800BBF223 /* LaunchScreen.storyboard */ = {
			isa = PBXVariantGroup;
			children = (
				63A372222C67C31800BBF223 /* Base */,
			);
			name = LaunchScreen.storyboard;
			sourceTree = "<group>";
		};
/* End PBXVariantGroup section */

/* Begin XCBuildConfiguration section */
		63A372252C67C31800BBF223 /* Debug */ = {
			isa = XCBuildConfiguration;
			buildSettings = {
				ALWAYS_SEARCH_USER_PATHS = NO;
				ASSETCATALOG_COMPILER_GENERATE_SWIFT_ASSET_SYMBOL_EXTENSIONS = YES;
				CLANG_ANALYZER_NONNULL = YES;
				CLANG_ANALYZER_NUMBER_OBJECT_CONVERSION = YES_AGGRESSIVE;
				CLANG_CXX_LANGUAGE_STANDARD = "gnu++20";
				CLANG_ENABLE_MODULES = YES;
				CLANG_ENABLE_OBJC_ARC = YES;
				CLANG_ENABLE_OBJC_WEAK = YES;
				CLANG_WARN_BLOCK_CAPTURE_AUTORELEASING = YES;
				CLANG_WARN_BOOL_CONVERSION = YES;
				CLANG_WARN_COMMA = YES;
				CLANG_WARN_CONSTANT_CONVERSION = YES;
				CLANG_WARN_DEPRECATED_OBJC_IMPLEMENTATIONS = YES;
				CLANG_WARN_DIRECT_OBJC_ISA_USAGE = YES_ERROR;
				CLANG_WARN_DOCUMENTATION_COMMENTS = YES;
				CLANG_WARN_EMPTY_BODY = YES;
				CLANG_WARN_ENUM_CONVERSION = YES;
				CLANG_WARN_INFINITE_RECURSION = YES;
				CLANG_WARN_INT_CONVERSION = YES;
				CLANG_WARN_NON_LITERAL_NULL_CONVERSION = YES;
				CLANG_WARN_OBJC_IMPLICIT_RETAIN_SELF = YES;
				CLANG_WARN_OBJC_LITERAL_CONVERSION = YES;
				CLANG_WARN_OBJC_ROOT_CLASS = YES_ERROR;
				CLANG_WARN_QUOTED_INCLUDE_IN_FRAMEWORK_HEADER = YES;
				CLANG_WARN_RANGE_LOOP_ANALYSIS = YES;
				CLANG_WARN_STRICT_PROTOTYPES = YES;
				CLANG_WARN_SUSPICIOUS_MOVE = YES;
				CLANG_WARN_UNGUARDED_AVAILABILITY = YES_AGGRESSIVE;
				CLANG_WARN_UNREACHABLE_CODE = YES;
				CLANG_WARN__DUPLICATE_METHOD_MATCH = YES;
				COPY_PHASE_STRIP = NO;
				DEBUG_INFORMATION_FORMAT = dwarf;
				ENABLE_STRICT_OBJC_MSGSEND = YES;
				ENABLE_TESTABILITY = YES;
				ENABLE_USER_SCRIPT_SANDBOXING = YES;
				GCC_C_LANGUAGE_STANDARD = gnu17;
				GCC_DYNAMIC_NO_PIC = NO;
				GCC_NO_COMMON_BLOCKS = YES;
				GCC_OPTIMIZATION_LEVEL = 0;
				GCC_PREPROCESSOR_DEFINITIONS = (
					"DEBUG=1",
					"$(inherited)",
				);
				GCC_WARN_64_TO_32_BIT_CONVERSION = YES;
				GCC_WARN_ABOUT_RETURN_TYPE = YES_ERROR;
				GCC_WARN_UNDECLARED_SELECTOR = YES;
				GCC_WARN_UNINITIALIZED_AUTOS = YES_AGGRESSIVE;
				GCC_WARN_UNUSED_FUNCTION = YES;
				GCC_WARN_UNUSED_VARIABLE = YES;
				IPHONEOS_DEPLOYMENT_TARGET = 17.5;
				LOCALIZATION_PREFERS_STRING_CATALOGS = YES;
				MTL_ENABLE_DEBUG_INFO = INCLUDE_SOURCE;
				MTL_FAST_MATH = YES;
				ONLY_ACTIVE_ARCH = YES;
				SDKROOT = iphoneos;
				SWIFT_ACTIVE_COMPILATION_CONDITIONS = "DEBUG $(inherited)";
				SWIFT_OPTIMIZATION_LEVEL = "-Onone";
			};
			name = Debug;
		};
		63A372262C67C31800BBF223 /* Release */ = {
			isa = XCBuildConfiguration;
			buildSettings = {
				ALWAYS_SEARCH_USER_PATHS = NO;
				ASSETCATALOG_COMPILER_GENERATE_SWIFT_ASSET_SYMBOL_EXTENSIONS = YES;
				CLANG_ANALYZER_NONNULL = YES;
				CLANG_ANALYZER_NUMBER_OBJECT_CONVERSION = YES_AGGRESSIVE;
				CLANG_CXX_LANGUAGE_STANDARD = "gnu++20";
				CLANG_ENABLE_MODULES = YES;
				CLANG_ENABLE_OBJC_ARC = YES;
				CLANG_ENABLE_OBJC_WEAK = YES;
				CLANG_WARN_BLOCK_CAPTURE_AUTORELEASING = YES;
				CLANG_WARN_BOOL_CONVERSION = YES;
				CLANG_WARN_COMMA = YES;
				CLANG_WARN_CONSTANT_CONVERSION = YES;
				CLANG_WARN_DEPRECATED_OBJC_IMPLEMENTATIONS = YES;
				CLANG_WARN_DIRECT_OBJC_ISA_USAGE = YES_ERROR;
				CLANG_WARN_DOCUMENTATION_COMMENTS = YES;
				CLANG_WARN_EMPTY_BODY = YES;
				CLANG_WARN_ENUM_CONVERSION = YES;
				CLANG_WARN_INFINITE_RECURSION = YES;
				CLANG_WARN_INT_CONVERSION = YES;
				CLANG_WARN_NON_LITERAL_NULL_CONVERSION = YES;
				CLANG_WARN_OBJC_IMPLICIT_RETAIN_SELF = YES;
				CLANG_WARN_OBJC_LITERAL_CONVERSION = YES;
				CLANG_WARN_OBJC_ROOT_CLASS = YES_ERROR;
				CLANG_WARN_QUOTED_INCLUDE_IN_FRAMEWORK_HEADER = YES;
				CLANG_WARN_RANGE_LOOP_ANALYSIS = YES;
				CLANG_WARN_STRICT_PROTOTYPES = YES;
				CLANG_WARN_SUSPICIOUS_MOVE = YES;
				CLANG_WARN_UNGUARDED_AVAILABILITY = YES_AGGRESSIVE;
				CLANG_WARN_UNREACHABLE_CODE = YES;
				CLANG_WARN__DUPLICATE_METHOD_MATCH = YES;
				COPY_PHASE_STRIP = NO;
				DEBUG_INFORMATION_FORMAT = "dwarf-with-dsym";
				ENABLE_NS_ASSERTIONS = NO;
				ENABLE_STRICT_OBJC_MSGSEND = YES;
				ENABLE_USER_SCRIPT_SANDBOXING = YES;
				GCC_C_LANGUAGE_STANDARD = gnu17;
				GCC_NO_COMMON_BLOCKS = YES;
				GCC_WARN_64_TO_32_BIT_CONVERSION = YES;
				GCC_WARN_ABOUT_RETURN_TYPE = YES_ERROR;
				GCC_WARN_UNDECLARED_SELECTOR = YES;
				GCC_WARN_UNINITIALIZED_AUTOS = YES_AGGRESSIVE;
				GCC_WARN_UNUSED_FUNCTION = YES;
				GCC_WARN_UNUSED_VARIABLE = YES;
				IPHONEOS_DEPLOYMENT_TARGET = 17.5;
				LOCALIZATION_PREFERS_STRING_CATALOGS = YES;
				MTL_ENABLE_DEBUG_INFO = NO;
				MTL_FAST_MATH = YES;
				SDKROOT = iphoneos;
				SWIFT_COMPILATION_MODE = wholemodule;
				VALIDATE_PRODUCT = YES;
			};
			name = Release;
		};
		63A372282C67C31800BBF223 /* Debug */ = {
			isa = XCBuildConfiguration;
			buildSettings = {
				ASSETCATALOG_COMPILER_APPICON_NAME = AppIcon;
				ASSETCATALOG_COMPILER_GLOBAL_ACCENT_COLOR_NAME = AccentColor;
				CODE_SIGN_STYLE = Automatic;
				CURRENT_PROJECT_VERSION = 1;
				DEVELOPMENT_TEAM = YZD7BZY478;
				GENERATE_INFOPLIST_FILE = YES;
				INFOPLIST_FILE = Trackincrease/Info.plist;
				INFOPLIST_KEY_UIApplicationSupportsIndirectInputEvents = YES;
				INFOPLIST_KEY_UILaunchStoryboardName = LaunchScreen;
				INFOPLIST_KEY_UIMainStoryboardFile = Main;
				INFOPLIST_KEY_UISupportedInterfaceOrientations = UIInterfaceOrientationPortrait;
				IPHONEOS_DEPLOYMENT_TARGET = 15.0;
				LD_RUNPATH_SEARCH_PATHS = (
					"$(inherited)",
					"@executable_path/Frameworks",
				);
				MARKETING_VERSION = 1.0;
				PRODUCT_BUNDLE_IDENTIFIER = Chikibamboni.Trackincrease;
				PRODUCT_NAME = "$(TARGET_NAME)";
				SWIFT_EMIT_LOC_STRINGS = YES;
				SWIFT_VERSION = 5.0;
				TARGETED_DEVICE_FAMILY = "1,2";
			};
			name = Debug;
		};
		63A372292C67C31800BBF223 /* Release */ = {
			isa = XCBuildConfiguration;
			buildSettings = {
				ASSETCATALOG_COMPILER_APPICON_NAME = AppIcon;
				ASSETCATALOG_COMPILER_GLOBAL_ACCENT_COLOR_NAME = AccentColor;
				CODE_SIGN_STYLE = Automatic;
				CURRENT_PROJECT_VERSION = 1;
				DEVELOPMENT_TEAM = YZD7BZY478;
				GENERATE_INFOPLIST_FILE = YES;
				INFOPLIST_FILE = Trackincrease/Info.plist;
				INFOPLIST_KEY_UIApplicationSupportsIndirectInputEvents = YES;
				INFOPLIST_KEY_UILaunchStoryboardName = LaunchScreen;
				INFOPLIST_KEY_UIMainStoryboardFile = Main;
				INFOPLIST_KEY_UISupportedInterfaceOrientations = UIInterfaceOrientationPortrait;
				IPHONEOS_DEPLOYMENT_TARGET = 15.0;
				LD_RUNPATH_SEARCH_PATHS = (
					"$(inherited)",
					"@executable_path/Frameworks",
				);
				MARKETING_VERSION = 1.0;
				PRODUCT_BUNDLE_IDENTIFIER = Chikibamboni.Trackincrease;
				PRODUCT_NAME = "$(TARGET_NAME)";
				SWIFT_EMIT_LOC_STRINGS = YES;
				SWIFT_VERSION = 5.0;
				TARGETED_DEVICE_FAMILY = "1,2";
			};
			name = Release;
		};
/* End XCBuildConfiguration section */

/* Begin XCConfigurationList section */
		63A3720B2C67C31600BBF223 /* Build configuration list for PBXProject "Trackincrease" */ = {
			isa = XCConfigurationList;
			buildConfigurations = (
				63A372252C67C31800BBF223 /* Debug */,
				63A372262C67C31800BBF223 /* Release */,
			);
			defaultConfigurationIsVisible = 0;
			defaultConfigurationName = Release;
		};
		63A372272C67C31800BBF223 /* Build configuration list for PBXNativeTarget "Trackincrease" */ = {
			isa = XCConfigurationList;
			buildConfigurations = (
				63A372282C67C31800BBF223 /* Debug */,
				63A372292C67C31800BBF223 /* Release */,
			);
			defaultConfigurationIsVisible = 0;
			defaultConfigurationName = Release;
		};
/* End XCConfigurationList section */

/* Begin XCVersionGroup section */
		63A3721C2C67C31600BBF223 /* Trackincrease.xcdatamodeld */ = {
			isa = XCVersionGroup;
			children = (
				63A3721D2C67C31600BBF223 /* Trackincrease.xcdatamodel */,
			);
			currentVersion = 63A3721D2C67C31600BBF223 /* Trackincrease.xcdatamodel */;
			path = Trackincrease.xcdatamodeld;
			sourceTree = "<group>";
			versionGroupType = wrapper.xcdatamodel;
		};
/* End XCVersionGroup section */
	};
	rootObject = 63A372082C67C31600BBF223 /* Project object */;
}
